
Microsoft Visual Studio Solution File, Format Version 12.00
# Visual Studio Version 16
VisualStudioVersion = 16.0.32510.428
MinimumVisualStudioVersion = 10.0.40219.1
Project("{8BC9CEB8-8B4A-11D0-8D11-00A0C91BC942}") = "exceptions", "exceptions.vcxproj", "{7B0EF281-F71F-4F19-837F-B2A4379EDAA9}"
EndProject
Global
	GlobalSection(SolutionConfigurationPlatforms) = preSolution
		Debug|x64 = Debug|x64
		Debug|x86 = Debug|x86
		Release|x64 = Release|x64
		Release|x86 = Release|x86
	EndGlobalSection
	GlobalSection(ProjectConfigurationPlatforms) = postSolution
		{7B0EF281-F71F-4F19-837F-B2A4379EDAA9}.Debug|x64.ActiveCfg = Debug|x64
		{7B0EF281-F71F-4F19-837F-B2A4379EDAA9}.Debug|x64.Build.0 = Debug|x64
		{7B0EF281-F71F-4F19-837F-B2A4379EDAA9}.Debug|x86.ActiveCfg = Debug|Win32
		{7B0EF281-F71F-4F19-837F-B2A4379EDAA9}.Debug|x86.Build.0 = Debug|Win32
		{7B0EF281-F71F-4F19-837F-B2A4379EDAA9}.Release|x64.ActiveCfg = Release|x64
		{7B0EF281-F71F-4F19-837F-B2A4379EDAA9}.Release|x64.Build.0 = Release|x64
		{7B0EF281-F71F-4F19-837F-B2A4379EDAA9}.Release|x86.ActiveCfg = Release|Win32
		{7B0EF281-F71F-4F19-837F-B2A4379EDAA9}.Release|x86.Build.0 = Release|Win32
	EndGlobalSection
	GlobalSection(SolutionProperties) = preSolution
		HideSolutionNode = FALSE
	EndGlobalSection
	GlobalSection(ExtensibilityGlobals) = postSolution
		SolutionGuid = {2230E299-7821-4E4E-802F-09F742A6C0F7}
	EndGlobalSection
EndGlobal
